// !$*UTF8*$!
{
	archiveVersion = 1;
	classes = {
	};
	objectVersion = 46;
	objects = {

/* Begin PBXBuildFile section */
		091C0C5D19CBDE0E0083545E /* test.png in Resources */ = {isa = PBXBuildFile; fileRef = 091C0C5C19CBDE0E0083545E /* test.png */; };
		094F88F119CAC85F00F2051D /* Foundation.framework in Frameworks */ = {isa = PBXBuildFile; fileRef = 094F88F019CAC85F00F2051D /* Foundation.framework */; };
		094F88F319CAC85F00F2051D /* CoreGraphics.framework in Frameworks */ = {isa = PBXBuildFile; fileRef = 094F88F219CAC85F00F2051D /* CoreGraphics.framework */; };
		094F88F519CAC85F00F2051D /* UIKit.framework in Frameworks */ = {isa = PBXBuildFile; fileRef = 094F88F419CAC85F00F2051D /* UIKit.framework */; };
		094F88FB19CAC85F00F2051D /* InfoPlist.strings in Resources */ = {isa = PBXBuildFile; fileRef = 094F88F919CAC85F00F2051D /* InfoPlist.strings */; };
		094F88FD19CAC85F00F2051D /* main.m in Sources */ = {isa = PBXBuildFile; fileRef = 094F88FC19CAC85F00F2051D /* main.m */; };
		094F890119CAC85F00F2051D /* AppDelegate.m in Sources */ = {isa = PBXBuildFile; fileRef = 094F890019CAC85F00F2051D /* AppDelegate.m */; };
		094F890419CAC85F00F2051D /* Main_iPhone.storyboard in Resources */ = {isa = PBXBuildFile; fileRef = 094F890219CAC85F00F2051D /* Main_iPhone.storyboard */; };
		094F890719CAC85F00F2051D /* Main_iPad.storyboard in Resources */ = {isa = PBXBuildFile; fileRef = 094F890519CAC85F00F2051D /* Main_iPad.storyboard */; };
		094F890A19CAC85F00F2051D /* ViewController.m in Sources */ = {isa = PBXBuildFile; fileRef = 094F890919CAC85F00F2051D /* ViewController.m */; };
		094F890C19CAC85F00F2051D /* Images.xcassets in Resources */ = {isa = PBXBuildFile; fileRef = 094F890B19CAC85F00F2051D /* Images.xcassets */; };
		094F891319CAC85F00F2051D /* XCTest.framework in Frameworks */ = {isa = PBXBuildFile; fileRef = 094F891219CAC85F00F2051D /* XCTest.framework */; };
		094F891419CAC85F00F2051D /* Foundation.framework in Frameworks */ = {isa = PBXBuildFile; fileRef = 094F88F019CAC85F00F2051D /* Foundation.framework */; };
		094F891519CAC85F00F2051D /* UIKit.framework in Frameworks */ = {isa = PBXBuildFile; fileRef = 094F88F419CAC85F00F2051D /* UIKit.framework */; };
		094F891D19CAC85F00F2051D /* InfoPlist.strings in Resources */ = {isa = PBXBuildFile; fileRef = 094F891B19CAC85F00F2051D /* InfoPlist.strings */; };
		094F891F19CAC85F00F2051D /* SNShareSDKTests.m in Sources */ = {isa = PBXBuildFile; fileRef = 094F891E19CAC85F00F2051D /* SNShareSDKTests.m */; };
		09892B2B19F89C6A00F698D8 /* SNShareModel.m in Sources */ = {isa = PBXBuildFile; fileRef = 09892B2619F89C6A00F698D8 /* SNShareModel.m */; };
		09892B2C19F89C6A00F698D8 /* SNShareManager.m in Sources */ = {isa = PBXBuildFile; fileRef = 09892B2919F89C6A00F698D8 /* SNShareManager.m */; };
		09AA66B519FE33A6004F7128 /* share_pengyouquan@2x.png in Resources */ = {isa = PBXBuildFile; fileRef = 09AA66B019FE33A6004F7128 /* share_pengyouquan@2x.png */; };
		09AA66B619FE33A6004F7128 /* share_qqweibo@2x.png in Resources */ = {isa = PBXBuildFile; fileRef = 09AA66B119FE33A6004F7128 /* share_qqweibo@2x.png */; };
		09AA66B719FE33A6004F7128 /* share_qqzone@2x.png in Resources */ = {isa = PBXBuildFile; fileRef = 09AA66B219FE33A6004F7128 /* share_qqzone@2x.png */; };
		09AA66B819FE33A6004F7128 /* share_sinaweibo@2x.png in Resources */ = {isa = PBXBuildFile; fileRef = 09AA66B319FE33A6004F7128 /* share_sinaweibo@2x.png */; };
		09AA66B919FE33A6004F7128 /* share_weixin@2x.png in Resources */ = {isa = PBXBuildFile; fileRef = 09AA66B419FE33A6004F7128 /* share_weixin@2x.png */; };
		09AA66BC19FE33BA004F7128 /* SNShareView.m in Sources */ = {isa = PBXBuildFile; fileRef = 09AA66BB19FE33BA004F7128 /* SNShareView.m */; };
		09AA66BF19FE33CE004F7128 /* SNShareWindow.m in Sources */ = {isa = PBXBuildFile; fileRef = 09AA66BE19FE33CE004F7128 /* SNShareWindow.m */; };
		09B1DDD519F8AD9E004FFC5D /* app.png in Resources */ = {isa = PBXBuildFile; fileRef = 09B1DDD419F8AD9E004FFC5D /* app.png */; };
		DB5EB7028B424096884C8FF2 /* libPods.a in Frameworks */ = {isa = PBXBuildFile; fileRef = 49BD5E9643C4490E976C0666 /* libPods.a */; };
/* End PBXBuildFile section */

/* Begin PBXContainerItemProxy section */
		094F891619CAC85F00F2051D /* PBXContainerItemProxy */ = {
			isa = PBXContainerItemProxy;
			containerPortal = 094F88E519CAC85E00F2051D /* Project object */;
			proxyType = 1;
			remoteGlobalIDString = 094F88EC19CAC85F00F2051D;
			remoteInfo = SNShareSDK;
		};
/* End PBXContainerItemProxy section */

/* Begin PBXFileReference section */
		091C0C5C19CBDE0E0083545E /* test.png */ = {isa = PBXFileReference; lastKnownFileType = image.png; path = test.png; sourceTree = "<group>"; };
		094F88ED19CAC85F00F2051D /* SNShareSDK.app */ = {isa = PBXFileReference; explicitFileType = wrapper.application; includeInIndex = 0; path = SNShareSDK.app; sourceTree = BUILT_PRODUCTS_DIR; };
		094F88F019CAC85F00F2051D /* Foundation.framework */ = {isa = PBXFileReference; lastKnownFileType = wrapper.framework; name = Foundation.framework; path = System/Library/Frameworks/Foundation.framework; sourceTree = SDKROOT; };
		094F88F219CAC85F00F2051D /* CoreGraphics.framework */ = {isa = PBXFileReference; lastKnownFileType = wrapper.framework; name = CoreGraphics.framework; path = System/Library/Frameworks/CoreGraphics.framework; sourceTree = SDKROOT; };
		094F88F419CAC85F00F2051D /* UIKit.framework */ = {isa = PBXFileReference; lastKnownFileType = wrapper.framework; name = UIKit.framework; path = System/Library/Frameworks/UIKit.framework; sourceTree = SDKROOT; };
		094F88F819CAC85F00F2051D /* SNShareSDK-Info.plist */ = {isa = PBXFileReference; lastKnownFileType = text.plist.xml; path = "SNShareSDK-Info.plist"; sourceTree = "<group>"; };
		094F88FA19CAC85F00F2051D /* en */ = {isa = PBXFileReference; lastKnownFileType = text.plist.strings; name = en; path = en.lproj/InfoPlist.strings; sourceTree = "<group>"; };
		094F88FC19CAC85F00F2051D /* main.m */ = {isa = PBXFileReference; lastKnownFileType = sourcecode.c.objc; path = main.m; sourceTree = "<group>"; };
		094F88FE19CAC85F00F2051D /* SNShareSDK-Prefix.pch */ = {isa = PBXFileReference; lastKnownFileType = sourcecode.c.h; path = "SNShareSDK-Prefix.pch"; sourceTree = "<group>"; };
		094F88FF19CAC85F00F2051D /* AppDelegate.h */ = {isa = PBXFileReference; lastKnownFileType = sourcecode.c.h; path = AppDelegate.h; sourceTree = "<group>"; };
		094F890019CAC85F00F2051D /* AppDelegate.m */ = {isa = PBXFileReference; lastKnownFileType = sourcecode.c.objc; path = AppDelegate.m; sourceTree = "<group>"; };
		094F890319CAC85F00F2051D /* Base */ = {isa = PBXFileReference; lastKnownFileType = file.storyboard; name = Base; path = Base.lproj/Main_iPhone.storyboard; sourceTree = "<group>"; };
		094F890619CAC85F00F2051D /* Base */ = {isa = PBXFileReference; lastKnownFileType = file.storyboard; name = Base; path = Base.lproj/Main_iPad.storyboard; sourceTree = "<group>"; };
		094F890819CAC85F00F2051D /* ViewController.h */ = {isa = PBXFileReference; lastKnownFileType = sourcecode.c.h; path = ViewController.h; sourceTree = "<group>"; };
		094F890919CAC85F00F2051D /* ViewController.m */ = {isa = PBXFileReference; lastKnownFileType = sourcecode.c.objc; path = ViewController.m; sourceTree = "<group>"; };
		094F890B19CAC85F00F2051D /* Images.xcassets */ = {isa = PBXFileReference; lastKnownFileType = folder.assetcatalog; path = Images.xcassets; sourceTree = "<group>"; };
		094F891119CAC85F00F2051D /* SNShareSDKTests.xctest */ = {isa = PBXFileReference; explicitFileType = wrapper.cfbundle; includeInIndex = 0; path = SNShareSDKTests.xctest; sourceTree = BUILT_PRODUCTS_DIR; };
		094F891219CAC85F00F2051D /* XCTest.framework */ = {isa = PBXFileReference; lastKnownFileType = wrapper.framework; name = XCTest.framework; path = Library/Frameworks/XCTest.framework; sourceTree = DEVELOPER_DIR; };
		094F891A19CAC85F00F2051D /* SNShareSDKTests-Info.plist */ = {isa = PBXFileReference; lastKnownFileType = text.plist.xml; path = "SNShareSDKTests-Info.plist"; sourceTree = "<group>"; };
		094F891C19CAC85F00F2051D /* en */ = {isa = PBXFileReference; lastKnownFileType = text.plist.strings; name = en; path = en.lproj/InfoPlist.strings; sourceTree = "<group>"; };
		094F891E19CAC85F00F2051D /* SNShareSDKTests.m */ = {isa = PBXFileReference; lastKnownFileType = sourcecode.c.objc; path = SNShareSDKTests.m; sourceTree = "<group>"; };
		09892B2519F89C6A00F698D8 /* SNShareModel.h */ = {isa = PBXFileReference; fileEncoding = 4; lastKnownFileType = sourcecode.c.h; path = SNShareModel.h; sourceTree = "<group>"; };
		09892B2619F89C6A00F698D8 /* SNShareModel.m */ = {isa = PBXFileReference; fileEncoding = 4; lastKnownFileType = sourcecode.c.objc; path = SNShareModel.m; sourceTree = "<group>"; };
		09892B2819F89C6A00F698D8 /* SNShareManager.h */ = {isa = PBXFileReference; fileEncoding = 4; lastKnownFileType = sourcecode.c.h; path = SNShareManager.h; sourceTree = "<group>"; };
		09892B2919F89C6A00F698D8 /* SNShareManager.m */ = {isa = PBXFileReference; fileEncoding = 4; lastKnownFileType = sourcecode.c.objc; path = SNShareManager.m; sourceTree = "<group>"; };
		09AA66B019FE33A6004F7128 /* share_pengyouquan@2x.png */ = {isa = PBXFileReference; lastKnownFileType = image.png; path = "share_pengyouquan@2x.png"; sourceTree = "<group>"; };
		09AA66B119FE33A6004F7128 /* share_qqweibo@2x.png */ = {isa = PBXFileReference; lastKnownFileType = image.png; path = "share_qqweibo@2x.png"; sourceTree = "<group>"; };
		09AA66B219FE33A6004F7128 /* share_qqzone@2x.png */ = {isa = PBXFileReference; lastKnownFileType = image.png; path = "share_qqzone@2x.png"; sourceTree = "<group>"; };
		09AA66B319FE33A6004F7128 /* share_sinaweibo@2x.png */ = {isa = PBXFileReference; lastKnownFileType = image.png; path = "share_sinaweibo@2x.png"; sourceTree = "<group>"; };
		09AA66B419FE33A6004F7128 /* share_weixin@2x.png */ = {isa = PBXFileReference; lastKnownFileType = image.png; path = "share_weixin@2x.png"; sourceTree = "<group>"; };
		09AA66BA19FE33BA004F7128 /* SNShareView.h */ = {isa = PBXFileReference; fileEncoding = 4; lastKnownFileType = sourcecode.c.h; path = SNShareView.h; sourceTree = "<group>"; };
		09AA66BB19FE33BA004F7128 /* SNShareView.m */ = {isa = PBXFileReference; fileEncoding = 4; lastKnownFileType = sourcecode.c.objc; path = SNShareView.m; sourceTree = "<group>"; };
		09AA66BD19FE33CE004F7128 /* SNShareWindow.h */ = {isa = PBXFileReference; fileEncoding = 4; lastKnownFileType = sourcecode.c.h; path = SNShareWindow.h; sourceTree = "<group>"; };
		09AA66BE19FE33CE004F7128 /* SNShareWindow.m */ = {isa = PBXFileReference; fileEncoding = 4; lastKnownFileType = sourcecode.c.objc; path = SNShareWindow.m; sourceTree = "<group>"; };
		09AA66C019FE3B7F004F7128 /* SNShareDelegate.h */ = {isa = PBXFileReference; fileEncoding = 4; lastKnownFileType = sourcecode.c.h; path = SNShareDelegate.h; sourceTree = "<group>"; };
		09AD6CD919CAD4D7005E5D57 /* Security.framework */ = {isa = PBXFileReference; lastKnownFileType = wrapper.framework; name = Security.framework; path = System/Library/Frameworks/Security.framework; sourceTree = SDKROOT; };
		09AD6CDB19CAD4E4005E5D57 /* MobileCoreServices.framework */ = {isa = PBXFileReference; lastKnownFileType = wrapper.framework; name = MobileCoreServices.framework; path = System/Library/Frameworks/MobileCoreServices.framework; sourceTree = SDKROOT; };
		09AD6CDD19CAD4F2005E5D57 /* MediaPlayer.framework */ = {isa = PBXFileReference; lastKnownFileType = wrapper.framework; name = MediaPlayer.framework; path = System/Library/Frameworks/MediaPlayer.framework; sourceTree = SDKROOT; };
		09AD6CDF19CAD4FA005E5D57 /* libiconv.dylib */ = {isa = PBXFileReference; lastKnownFileType = "compiled.mach-o.dylib"; name = libiconv.dylib; path = usr/lib/libiconv.dylib; sourceTree = SDKROOT; };
		09AD6CE119CAD500005E5D57 /* CoreTelephony.framework */ = {isa = PBXFileReference; lastKnownFileType = wrapper.framework; name = CoreTelephony.framework; path = System/Library/Frameworks/CoreTelephony.framework; sourceTree = SDKROOT; };
		09AD6CE319CAD507005E5D57 /* SystemConfiguration.framework */ = {isa = PBXFileReference; lastKnownFileType = wrapper.framework; name = SystemConfiguration.framework; path = System/Library/Frameworks/SystemConfiguration.framework; sourceTree = SDKROOT; };
		09AD6CE519CAD510005E5D57 /* libc++.dylib */ = {isa = PBXFileReference; lastKnownFileType = "compiled.mach-o.dylib"; name = "libc++.dylib"; path = "usr/lib/libc++.dylib"; sourceTree = SDKROOT; };
		09AD6CE719CAD51A005E5D57 /* libsqlite3.dylib */ = {isa = PBXFileReference; lastKnownFileType = "compiled.mach-o.dylib"; name = libsqlite3.dylib; path = usr/lib/libsqlite3.dylib; sourceTree = SDKROOT; };
		09AD6CE919CAD51E005E5D57 /* libz.dylib */ = {isa = PBXFileReference; lastKnownFileType = "compiled.mach-o.dylib"; name = libz.dylib; path = usr/lib/libz.dylib; sourceTree = SDKROOT; };
		09B1DDD419F8AD9E004FFC5D /* app.png */ = {isa = PBXFileReference; lastKnownFileType = image.png; path = app.png; sourceTree = "<group>"; };
		09D0C1A519CAEA7D00CA0F79 /* VDShareConfig.h */ = {isa = PBXFileReference; fileEncoding = 4; lastKnownFileType = sourcecode.c.h; path = VDShareConfig.h; sourceTree = "<group>"; };
		09EDFCE819CBFE2A00DA10EC /* SNShareHeaders.h */ = {isa = PBXFileReference; fileEncoding = 4; lastKnownFileType = sourcecode.c.h; path = SNShareHeaders.h; sourceTree = "<group>"; };
		49BD5E9643C4490E976C0666 /* libPods.a */ = {isa = PBXFileReference; explicitFileType = archive.ar; includeInIndex = 0; path = libPods.a; sourceTree = BUILT_PRODUCTS_DIR; };
		637196F4CABB69533D3940DE /* Pods.release.xcconfig */ = {isa = PBXFileReference; includeInIndex = 1; lastKnownFileType = text.xcconfig; name = Pods.release.xcconfig; path = "../Pods/Target Support Files/Pods/Pods.release.xcconfig"; sourceTree = "<group>"; };
		ECBB6215D18973DF7CBF6E99 /* Pods.debug.xcconfig */ = {isa = PBXFileReference; includeInIndex = 1; lastKnownFileType = text.xcconfig; name = Pods.debug.xcconfig; path = "../Pods/Target Support Files/Pods/Pods.debug.xcconfig"; sourceTree = "<group>"; };
/* End PBXFileReference section */

/* Begin PBXFrameworksBuildPhase section */
		094F88EA19CAC85F00F2051D /* Frameworks */ = {
			isa = PBXFrameworksBuildPhase;
			buildActionMask = 2147483647;
			files = (
				094F88F319CAC85F00F2051D /* CoreGraphics.framework in Frameworks */,
				094F88F519CAC85F00F2051D /* UIKit.framework in Frameworks */,
				094F88F119CAC85F00F2051D /* Foundation.framework in Frameworks */,
				DB5EB7028B424096884C8FF2 /* libPods.a in Frameworks */,
			);
			runOnlyForDeploymentPostprocessing = 0;
		};
		094F890E19CAC85F00F2051D /* Frameworks */ = {
			isa = PBXFrameworksBuildPhase;
			buildActionMask = 2147483647;
			files = (
				094F891319CAC85F00F2051D /* XCTest.framework in Frameworks */,
				094F891519CAC85F00F2051D /* UIKit.framework in Frameworks */,
				094F891419CAC85F00F2051D /* Foundation.framework in Frameworks */,
			);
			runOnlyForDeploymentPostprocessing = 0;
		};
/* End PBXFrameworksBuildPhase section */

/* Begin PBXGroup section */
		093D50AB19CAE5E600E46DDE /* snshare */ = {
			isa = PBXGroup;
			children = (
				093D50D319CAE5E600E46DDE /* ShareMonitor */,
			);
			path = snshare;
			sourceTree = "<group>";
		};
		093D50D319CAE5E600E46DDE /* ShareMonitor */ = {
			isa = PBXGroup;
			children = (
				09AA66AF19FE336F004F7128 /* Resource */,
				09D0C1A419CAEA7D00CA0F79 /* Macro */,
				093D50D819CAE69C00E46DDE /* Class */,
			);
			path = ShareMonitor;
			sourceTree = "<group>";
		};
		093D50D819CAE69C00E46DDE /* Class */ = {
			isa = PBXGroup;
			children = (
				09AA66AE19FE3368004F7128 /* UI */,
				09892B2419F89C6A00F698D8 /* Model */,
				09892B2719F89C6A00F698D8 /* Service */,
				09892B2A19F89C6A00F698D8 /* UI */,
			);
			path = Class;
			sourceTree = "<group>";
		};
		094F88E419CAC85E00F2051D = {
			isa = PBXGroup;
			children = (
				094F88F619CAC85F00F2051D /* SNShareSDK */,
				094F891819CAC85F00F2051D /* SNShareSDKTests */,
				094F88EF19CAC85F00F2051D /* Frameworks */,
				094F88EE19CAC85F00F2051D /* Products */,
				E27B4D3DA5DD83E7AED7788F /* Pods */,
			);
			sourceTree = "<group>";
		};
		094F88EE19CAC85F00F2051D /* Products */ = {
			isa = PBXGroup;
			children = (
				094F88ED19CAC85F00F2051D /* SNShareSDK.app */,
				094F891119CAC85F00F2051D /* SNShareSDKTests.xctest */,
			);
			name = Products;
			sourceTree = "<group>";
		};
		094F88EF19CAC85F00F2051D /* Frameworks */ = {
			isa = PBXGroup;
			children = (
				09AD6CE919CAD51E005E5D57 /* libz.dylib */,
				09AD6CE719CAD51A005E5D57 /* libsqlite3.dylib */,
				09AD6CE519CAD510005E5D57 /* libc++.dylib */,
				09AD6CE319CAD507005E5D57 /* SystemConfiguration.framework */,
				09AD6CE119CAD500005E5D57 /* CoreTelephony.framework */,
				09AD6CDF19CAD4FA005E5D57 /* libiconv.dylib */,
				09AD6CDD19CAD4F2005E5D57 /* MediaPlayer.framework */,
				09AD6CDB19CAD4E4005E5D57 /* MobileCoreServices.framework */,
				09AD6CD919CAD4D7005E5D57 /* Security.framework */,
				094F88F019CAC85F00F2051D /* Foundation.framework */,
				094F88F219CAC85F00F2051D /* CoreGraphics.framework */,
				094F88F419CAC85F00F2051D /* UIKit.framework */,
				094F891219CAC85F00F2051D /* XCTest.framework */,
				49BD5E9643C4490E976C0666 /* libPods.a */,
			);
			name = Frameworks;
			sourceTree = "<group>";
		};
		094F88F619CAC85F00F2051D /* SNShareSDK */ = {
			isa = PBXGroup;
			children = (
				093D50AB19CAE5E600E46DDE /* snshare */,
				094F88FF19CAC85F00F2051D /* AppDelegate.h */,
				094F890019CAC85F00F2051D /* AppDelegate.m */,
				094F890219CAC85F00F2051D /* Main_iPhone.storyboard */,
				094F890519CAC85F00F2051D /* Main_iPad.storyboard */,
				094F890819CAC85F00F2051D /* ViewController.h */,
				094F890919CAC85F00F2051D /* ViewController.m */,
				09B1DDD419F8AD9E004FFC5D /* app.png */,
				094F890B19CAC85F00F2051D /* Images.xcassets */,
				094F88F719CAC85F00F2051D /* Supporting Files */,
			);
			path = SNShareSDK;
			sourceTree = "<group>";
		};
		094F88F719CAC85F00F2051D /* Supporting Files */ = {
			isa = PBXGroup;
			children = (
				094F88F819CAC85F00F2051D /* SNShareSDK-Info.plist */,
				094F88F919CAC85F00F2051D /* InfoPlist.strings */,
				094F88FC19CAC85F00F2051D /* main.m */,
				094F88FE19CAC85F00F2051D /* SNShareSDK-Prefix.pch */,
			);
			name = "Supporting Files";
			sourceTree = "<group>";
		};
		094F891819CAC85F00F2051D /* SNShareSDKTests */ = {
			isa = PBXGroup;
			children = (
				091C0C5C19CBDE0E0083545E /* test.png */,
				094F891E19CAC85F00F2051D /* SNShareSDKTests.m */,
				094F891919CAC85F00F2051D /* Supporting Files */,
			);
			path = SNShareSDKTests;
			sourceTree = "<group>";
		};
		094F891919CAC85F00F2051D /* Supporting Files */ = {
			isa = PBXGroup;
			children = (
				094F891A19CAC85F00F2051D /* SNShareSDKTests-Info.plist */,
				094F891B19CAC85F00F2051D /* InfoPlist.strings */,
			);
			name = "Supporting Files";
			sourceTree = "<group>";
		};
		09892B2419F89C6A00F698D8 /* Model */ = {
			isa = PBXGroup;
			children = (
				09892B2519F89C6A00F698D8 /* SNShareModel.h */,
				09892B2619F89C6A00F698D8 /* SNShareModel.m */,
				09AA66C019FE3B7F004F7128 /* SNShareDelegate.h */,
			);
			path = Model;
			sourceTree = "<group>";
		};
		09892B2719F89C6A00F698D8 /* Service */ = {
			isa = PBXGroup;
			children = (
				09892B2819F89C6A00F698D8 /* SNShareManager.h */,
				09892B2919F89C6A00F698D8 /* SNShareManager.m */,
			);
			path = Service;
			sourceTree = "<group>";
		};
		09892B2A19F89C6A00F698D8 /* UI */ = {
			isa = PBXGroup;
			children = (
			);
			path = UI;
			sourceTree = "<group>";
		};
		09AA66AE19FE3368004F7128 /* UI */ = {
			isa = PBXGroup;
			children = (
				09AA66BA19FE33BA004F7128 /* SNShareView.h */,
				09AA66BB19FE33BA004F7128 /* SNShareView.m */,
				09AA66BD19FE33CE004F7128 /* SNShareWindow.h */,
				09AA66BE19FE33CE004F7128 /* SNShareWindow.m */,
			);
			path = UI;
			sourceTree = "<group>";
		};
		09AA66AF19FE336F004F7128 /* Resource */ = {
			isa = PBXGroup;
			children = (
				09AA66B019FE33A6004F7128 /* share_pengyouquan@2x.png */,
				09AA66B119FE33A6004F7128 /* share_qqweibo@2x.png */,
				09AA66B219FE33A6004F7128 /* share_qqzone@2x.png */,
				09AA66B319FE33A6004F7128 /* share_sinaweibo@2x.png */,
				09AA66B419FE33A6004F7128 /* share_weixin@2x.png */,
			);
			path = Resource;
			sourceTree = "<group>";
		};
		09D0C1A419CAEA7D00CA0F79 /* Macro */ = {
			isa = PBXGroup;
			children = (
				09D0C1A519CAEA7D00CA0F79 /* VDShareConfig.h */,
				09EDFCE819CBFE2A00DA10EC /* SNShareHeaders.h */,
			);
			path = Macro;
			sourceTree = "<group>";
		};
		E27B4D3DA5DD83E7AED7788F /* Pods */ = {
			isa = PBXGroup;
			children = (
				ECBB6215D18973DF7CBF6E99 /* Pods.debug.xcconfig */,
				637196F4CABB69533D3940DE /* Pods.release.xcconfig */,
			);
			name = Pods;
			sourceTree = "<group>";
		};
/* End PBXGroup section */

/* Begin PBXNativeTarget section */
		094F88EC19CAC85F00F2051D /* SNShareSDK */ = {
			isa = PBXNativeTarget;
			buildConfigurationList = 094F892219CAC85F00F2051D /* Build configuration list for PBXNativeTarget "SNShareSDK" */;
			buildPhases = (
				CB76E524A0C8492B86036FE6 /* Check Pods Manifest.lock */,
				094F88E919CAC85F00F2051D /* Sources */,
				094F88EA19CAC85F00F2051D /* Frameworks */,
				094F88EB19CAC85F00F2051D /* Resources */,
				1830AAFE9CC64D11A3388DDD /* Copy Pods Resources */,
			);
			buildRules = (
			);
			dependencies = (
			);
			name = SNShareSDK;
			productName = SNShareSDK;
			productReference = 094F88ED19CAC85F00F2051D /* SNShareSDK.app */;
			productType = "com.apple.product-type.application";
		};
		094F891019CAC85F00F2051D /* SNShareSDKTests */ = {
			isa = PBXNativeTarget;
			buildConfigurationList = 094F892519CAC85F00F2051D /* Build configuration list for PBXNativeTarget "SNShareSDKTests" */;
			buildPhases = (
				094F890D19CAC85F00F2051D /* Sources */,
				094F890E19CAC85F00F2051D /* Frameworks */,
				094F890F19CAC85F00F2051D /* Resources */,
			);
			buildRules = (
			);
			dependencies = (
				094F891719CAC85F00F2051D /* PBXTargetDependency */,
			);
			name = SNShareSDKTests;
			productName = SNShareSDKTests;
			productReference = 094F891119CAC85F00F2051D /* SNShareSDKTests.xctest */;
			productType = "com.apple.product-type.bundle.unit-test";
		};
/* End PBXNativeTarget section */

/* Begin PBXProject section */
		094F88E519CAC85E00F2051D /* Project object */ = {
			isa = PBXProject;
			attributes = {
				LastUpgradeCheck = 0510;
				ORGANIZATIONNAME = sina;
				TargetAttributes = {
					094F891019CAC85F00F2051D = {
						TestTargetID = 094F88EC19CAC85F00F2051D;
					};
				};
			};
			buildConfigurationList = 094F88E819CAC85E00F2051D /* Build configuration list for PBXProject "SNShareSDK" */;
			compatibilityVersion = "Xcode 3.2";
			developmentRegion = English;
			hasScannedForEncodings = 0;
			knownRegions = (
				en,
				Base,
			);
			mainGroup = 094F88E419CAC85E00F2051D;
			productRefGroup = 094F88EE19CAC85F00F2051D /* Products */;
			projectDirPath = "";
			projectRoot = "";
			targets = (
				094F88EC19CAC85F00F2051D /* SNShareSDK */,
				094F891019CAC85F00F2051D /* SNShareSDKTests */,
			);
		};
/* End PBXProject section */

/* Begin PBXResourcesBuildPhase section */
		094F88EB19CAC85F00F2051D /* Resources */ = {
			isa = PBXResourcesBuildPhase;
			buildActionMask = 2147483647;
			files = (
				09AA66B919FE33A6004F7128 /* share_weixin@2x.png in Resources */,
				09AA66B719FE33A6004F7128 /* share_qqzone@2x.png in Resources */,
				09AA66B819FE33A6004F7128 /* share_sinaweibo@2x.png in Resources */,
				094F890719CAC85F00F2051D /* Main_iPad.storyboard in Resources */,
				09AA66B519FE33A6004F7128 /* share_pengyouquan@2x.png in Resources */,
				094F890C19CAC85F00F2051D /* Images.xcassets in Resources */,
				09B1DDD519F8AD9E004FFC5D /* app.png in Resources */,
				09AA66B619FE33A6004F7128 /* share_qqweibo@2x.png in Resources */,
				094F890419CAC85F00F2051D /* Main_iPhone.storyboard in Resources */,
				094F88FB19CAC85F00F2051D /* InfoPlist.strings in Resources */,
			);
			runOnlyForDeploymentPostprocessing = 0;
		};
		094F890F19CAC85F00F2051D /* Resources */ = {
			isa = PBXResourcesBuildPhase;
			buildActionMask = 2147483647;
			files = (
				094F891D19CAC85F00F2051D /* InfoPlist.strings in Resources */,
				091C0C5D19CBDE0E0083545E /* test.png in Resources */,
			);
			runOnlyForDeploymentPostprocessing = 0;
		};
/* End PBXResourcesBuildPhase section */

/* Begin PBXShellScriptBuildPhase section */
		1830AAFE9CC64D11A3388DDD /* Copy Pods Resources */ = {
			isa = PBXShellScriptBuildPhase;
			buildActionMask = 2147483647;
			files = (
			);
			inputPaths = (
			);
			name = "Copy Pods Resources";
			outputPaths = (
			);
			runOnlyForDeploymentPostprocessing = 0;
			shellPath = /bin/sh;
			shellScript = "\"${SRCROOT}/../Pods/Target Support Files/Pods/Pods-resources.sh\"\n";
			showEnvVarsInLog = 0;
		};
		CB76E524A0C8492B86036FE6 /* Check Pods Manifest.lock */ = {
			isa = PBXShellScriptBuildPhase;
			buildActionMask = 2147483647;
			files = (
			);
			inputPaths = (
			);
			name = "Check Pods Manifest.lock";
			outputPaths = (
			);
			runOnlyForDeploymentPostprocessing = 0;
			shellPath = /bin/sh;
			shellScript = "diff \"${PODS_ROOT}/../Podfile.lock\" \"${PODS_ROOT}/Manifest.lock\" > /dev/null\nif [[ $? != 0 ]] ; then\n    cat << EOM\nerror: The sandbox is not in sync with the Podfile.lock. Run 'pod install' or update your CocoaPods installation.\nEOM\n    exit 1\nfi\n";
			showEnvVarsInLog = 0;
		};
/* End PBXShellScriptBuildPhase section */

/* Begin PBXSourcesBuildPhase section */
		094F88E919CAC85F00F2051D /* Sources */ = {
			isa = PBXSourcesBuildPhase;
			buildActionMask = 2147483647;
			files = (
				094F890A19CAC85F00F2051D /* ViewController.m in Sources */,
				09AA66BF19FE33CE004F7128 /* SNShareWindow.m in Sources */,
				094F890119CAC85F00F2051D /* AppDelegate.m in Sources */,
				09892B2B19F89C6A00F698D8 /* SNShareModel.m in Sources */,
				09AA66BC19FE33BA004F7128 /* SNShareView.m in Sources */,
				094F88FD19CAC85F00F2051D /* main.m in Sources */,
				09892B2C19F89C6A00F698D8 /* SNShareManager.m in Sources */,
			);
			runOnlyForDeploymentPostprocessing = 0;
		};
		094F890D19CAC85F00F2051D /* Sources */ = {
			isa = PBXSourcesBuildPhase;
			buildActionMask = 2147483647;
			files = (
				094F891F19CAC85F00F2051D /* SNShareSDKTests.m in Sources */,
			);
			runOnlyForDeploymentPostprocessing = 0;
		};
/* End PBXSourcesBuildPhase section */

/* Begin PBXTargetDependency section */
		094F891719CAC85F00F2051D /* PBXTargetDependency */ = {
			isa = PBXTargetDependency;
			target = 094F88EC19CAC85F00F2051D /* SNShareSDK */;
			targetProxy = 094F891619CAC85F00F2051D /* PBXContainerItemProxy */;
		};
/* End PBXTargetDependency section */

/* Begin PBXVariantGroup section */
		094F88F919CAC85F00F2051D /* InfoPlist.strings */ = {
			isa = PBXVariantGroup;
			children = (
				094F88FA19CAC85F00F2051D /* en */,
			);
			name = InfoPlist.strings;
			sourceTree = "<group>";
		};
		094F890219CAC85F00F2051D /* Main_iPhone.storyboard */ = {
			isa = PBXVariantGroup;
			children = (
				094F890319CAC85F00F2051D /* Base */,
			);
			name = Main_iPhone.storyboard;
			sourceTree = "<group>";
		};
		094F890519CAC85F00F2051D /* Main_iPad.storyboard */ = {
			isa = PBXVariantGroup;
			children = (
				094F890619CAC85F00F2051D /* Base */,
			);
			name = Main_iPad.storyboard;
			sourceTree = "<group>";
		};
		094F891B19CAC85F00F2051D /* InfoPlist.strings */ = {
			isa = PBXVariantGroup;
			children = (
				094F891C19CAC85F00F2051D /* en */,
			);
			name = InfoPlist.strings;
			sourceTree = "<group>";
		};
/* End PBXVariantGroup section */

/* Begin XCBuildConfiguration section */
		094F892019CAC85F00F2051D /* Debug */ = {
			isa = XCBuildConfiguration;
			buildSettings = {
				ALWAYS_SEARCH_USER_PATHS = NO;
				CLANG_CXX_LANGUAGE_STANDARD = "gnu++0x";
				CLANG_CXX_LIBRARY = "libc++";
				CLANG_ENABLE_MODULES = YES;
				CLANG_ENABLE_OBJC_ARC = YES;
				CLANG_WARN_BOOL_CONVERSION = YES;
				CLANG_WARN_CONSTANT_CONVERSION = YES;
				CLANG_WARN_DIRECT_OBJC_ISA_USAGE = YES_ERROR;
				CLANG_WARN_EMPTY_BODY = YES;
				CLANG_WARN_ENUM_CONVERSION = YES;
				CLANG_WARN_INT_CONVERSION = YES;
				CLANG_WARN_OBJC_ROOT_CLASS = YES_ERROR;
				CLANG_WARN__DUPLICATE_METHOD_MATCH = YES;
				"CODE_SIGN_IDENTITY[sdk=iphoneos*]" = "iPhone Developer";
				COPY_PHASE_STRIP = NO;
				GCC_C_LANGUAGE_STANDARD = gnu99;
				GCC_DYNAMIC_NO_PIC = NO;
				GCC_OPTIMIZATION_LEVEL = 0;
				GCC_PREPROCESSOR_DEFINITIONS = (
					"DEBUG=1",
					"$(inherited)",
				);
				GCC_SYMBOLS_PRIVATE_EXTERN = NO;
				GCC_WARN_64_TO_32_BIT_CONVERSION = YES;
				GCC_WARN_ABOUT_RETURN_TYPE = YES_ERROR;
				GCC_WARN_UNDECLARED_SELECTOR = YES;
				GCC_WARN_UNINITIALIZED_AUTOS = YES_AGGRESSIVE;
				GCC_WARN_UNUSED_FUNCTION = YES;
				GCC_WARN_UNUSED_VARIABLE = YES;
				IPHONEOS_DEPLOYMENT_TARGET = 7.1;
				ONLY_ACTIVE_ARCH = YES;
				SDKROOT = iphoneos;
				TARGETED_DEVICE_FAMILY = "1,2";
			};
			name = Debug;
		};
		094F892119CAC85F00F2051D /* Release */ = {
			isa = XCBuildConfiguration;
			buildSettings = {
				ALWAYS_SEARCH_USER_PATHS = NO;
				CLANG_CXX_LANGUAGE_STANDARD = "gnu++0x";
				CLANG_CXX_LIBRARY = "libc++";
				CLANG_ENABLE_MODULES = YES;
				CLANG_ENABLE_OBJC_ARC = YES;
				CLANG_WARN_BOOL_CONVERSION = YES;
				CLANG_WARN_CONSTANT_CONVERSION = YES;
				CLANG_WARN_DIRECT_OBJC_ISA_USAGE = YES_ERROR;
				CLANG_WARN_EMPTY_BODY = YES;
				CLANG_WARN_ENUM_CONVERSION = YES;
				CLANG_WARN_INT_CONVERSION = YES;
				CLANG_WARN_OBJC_ROOT_CLASS = YES_ERROR;
				CLANG_WARN__DUPLICATE_METHOD_MATCH = YES;
				"CODE_SIGN_IDENTITY[sdk=iphoneos*]" = "iPhone Developer";
				COPY_PHASE_STRIP = YES;
				ENABLE_NS_ASSERTIONS = NO;
				GCC_C_LANGUAGE_STANDARD = gnu99;
				GCC_WARN_64_TO_32_BIT_CONVERSION = YES;
				GCC_WARN_ABOUT_RETURN_TYPE = YES_ERROR;
				GCC_WARN_UNDECLARED_SELECTOR = YES;
				GCC_WARN_UNINITIALIZED_AUTOS = YES_AGGRESSIVE;
				GCC_WARN_UNUSED_FUNCTION = YES;
				GCC_WARN_UNUSED_VARIABLE = YES;
				IPHONEOS_DEPLOYMENT_TARGET = 7.1;
				SDKROOT = iphoneos;
				TARGETED_DEVICE_FAMILY = "1,2";
				VALIDATE_PRODUCT = YES;
			};
			name = Release;
		};
		094F892319CAC85F00F2051D /* Debug */ = {
			isa = XCBuildConfiguration;
			baseConfigurationReference = ECBB6215D18973DF7CBF6E99 /* Pods.debug.xcconfig */;
			buildSettings = {
				ASSETCATALOG_COMPILER_APPICON_NAME = AppIcon;
				ASSETCATALOG_COMPILER_LAUNCHIMAGE_NAME = LaunchImage;
				FRAMEWORK_SEARCH_PATHS = "$(inherited)";
				GCC_PRECOMPILE_PREFIX_HEADER = YES;
				GCC_PREFIX_HEADER = "SNShareSDK/SNShareSDK-Prefix.pch";
				HEADER_SEARCH_PATHS = (
					"$(inherited)",
					/Applications/Xcode.app/Contents/Developer/Toolchains/XcodeDefault.xctoolchain/usr/include,
				);
				INFOPLIST_FILE = "SNShareSDK/SNShareSDK-Info.plist";
				IPHONEOS_DEPLOYMENT_TARGET = 5.1;
				LIBRARY_SEARCH_PATHS = "$(inherited)";
				ONLY_ACTIVE_ARCH = YES;
				PRODUCT_NAME = "$(TARGET_NAME)";
				VALID_ARCHS = "armv7 armv7s arm64";
				WRAPPER_EXTENSION = app;
			};
			name = Debug;
		};
		094F892419CAC85F00F2051D /* Release */ = {
			isa = XCBuildConfiguration;
			baseConfigurationReference = 637196F4CABB69533D3940DE /* Pods.release.xcconfig */;
			buildSettings = {
				ASSETCATALOG_COMPILER_APPICON_NAME = AppIcon;
				ASSETCATALOG_COMPILER_LAUNCHIMAGE_NAME = LaunchImage;
				FRAMEWORK_SEARCH_PATHS = "$(inherited)";
				GCC_PRECOMPILE_PREFIX_HEADER = YES;
				GCC_PREFIX_HEADER = "SNShareSDK/SNShareSDK-Prefix.pch";
				HEADER_SEARCH_PATHS = (
					"$(inherited)",
					/Applications/Xcode.app/Contents/Developer/Toolchains/XcodeDefault.xctoolchain/usr/include,
				);
				INFOPLIST_FILE = "SNShareSDK/SNShareSDK-Info.plist";
				IPHONEOS_DEPLOYMENT_TARGET = 5.1;
				LIBRARY_SEARCH_PATHS = "$(inherited)";
				ONLY_ACTIVE_ARCH = NO;
				PRODUCT_NAME = "$(TARGET_NAME)";
				WRAPPER_EXTENSION = app;
			};
			name = Release;
		};
		094F892619CAC85F00F2051D /* Debug */ = {
			isa = XCBuildConfiguration;
			buildSettings = {
				BUNDLE_LOADER = "$(BUILT_PRODUCTS_DIR)/SNShareSDK.app/SNShareSDK";
				FRAMEWORK_SEARCH_PATHS = (
					"$(SDKROOT)/Developer/Library/Frameworks",
					"$(inherited)",
					"$(DEVELOPER_FRAMEWORKS_DIR)",
				);
				GCC_PRECOMPILE_PREFIX_HEADER = YES;
				GCC_PREFIX_HEADER = "SNShareSDK/SNShareSDK-Prefix.pch";
				GCC_PREPROCESSOR_DEFINITIONS = (
					"DEBUG=1",
					"$(inherited)",
				);
				HEADER_SEARCH_PATHS = (
					"$(inherited)",
					/Applications/Xcode6.0.1.app/Contents/Developer/Toolchains/XcodeDefault.xctoolchain/usr/include,
					"\"$(SRCROOT)/SNShareSDK/snshare/sdk/include\"",
					"\"$(SRCROOT)/SNShareSDK/snshare/sdk/res/TencentOpenAPI.framework/Headers\"",
					"\"$(SRCROOT)/SNShareSDK/snshare/sdk/include\"",
				);
				INFOPLIST_FILE = "SNShareSDKTests/SNShareSDKTests-Info.plist";
				LIBRARY_SEARCH_PATHS = "\"$(SRCROOT)/SNShareSDK/snshare/sdk\"";
				PRODUCT_NAME = "$(TARGET_NAME)";
				TEST_HOST = "$(BUNDLE_LOADER)";
				WRAPPER_EXTENSION = xctest;
			};
			name = Debug;
		};
		094F892719CAC85F00F2051D /* Release */ = {
			isa = XCBuildConfiguration;
			buildSettings = {
				BUNDLE_LOADER = "$(BUILT_PRODUCTS_DIR)/SNShareSDK.app/SNShareSDK";
				FRAMEWORK_SEARCH_PATHS = (
					"$(SDKROOT)/Developer/Library/Frameworks",
					"$(inherited)",
					"$(DEVELOPER_FRAMEWORKS_DIR)",
				);
				GCC_PRECOMPILE_PREFIX_HEADER = YES;
				GCC_PREFIX_HEADER = "SNShareSDK/SNShareSDK-Prefix.pch";
				HEADER_SEARCH_PATHS = (
					"$(inherited)",
					/Applications/Xcode6.0.1.app/Contents/Developer/Toolchains/XcodeDefault.xctoolchain/usr/include,
					"\"$(SRCROOT)/SNShareSDK/snshare/sdk/include\"",
					"\"$(SRCROOT)/SNShareSDK/snshare/sdk/res/TencentOpenAPI.framework/Headers\"",
					"\"$(SRCROOT)/SNShareSDK/snshare/sdk/include\"",
				);
				INFOPLIST_FILE = "SNShareSDKTests/SNShareSDKTests-Info.plist";
				LIBRARY_SEARCH_PATHS = "\"$(SRCROOT)/SNShareSDK/snshare/sdk\"";
				PRODUCT_NAME = "$(TARGET_NAME)";
				TEST_HOST = "$(BUNDLE_LOADER)";
				WRAPPER_EXTENSION = xctest;
			};
			name = Release;
		};
/* End XCBuildConfiguration section */

/* Begin XCConfigurationList section */
		094F88E819CAC85E00F2051D /* Build configuration list for PBXProject "SNShareSDK" */ = {
			isa = XCConfigurationList;
			buildConfigurations = (
				094F892019CAC85F00F2051D /* Debug */,
				094F892119CAC85F00F2051D /* Release */,
			);
			defaultConfigurationIsVisible = 0;
			defaultConfigurationName = Release;
		};
		094F892219CAC85F00F2051D /* Build configuration list for PBXNativeTarget "SNShareSDK" */ = {
			isa = XCConfigurationList;
			buildConfigurations = (
				094F892319CAC85F00F2051D /* Debug */,
				094F892419CAC85F00F2051D /* Release */,
			);
			defaultConfigurationIsVisible = 0;
			defaultConfigurationName = Release;
		};
		094F892519CAC85F00F2051D /* Build configuration list for PBXNativeTarget "SNShareSDKTests" */ = {
			isa = XCConfigurationList;
			buildConfigurations = (
				094F892619CAC85F00F2051D /* Debug */,
				094F892719CAC85F00F2051D /* Release */,
			);
			defaultConfigurationIsVisible = 0;
			defaultConfigurationName = Release;
		};
/* End XCConfigurationList section */
	};
	rootObject = 094F88E519CAC85E00F2051D /* Project object */;
}
